
Microsoft Visual Studio Solution File, Format Version 12.00
# Visual Studio Version 16
VisualStudioVersion = 16.0.31729.503
MinimumVisualStudioVersion = 10.0.40219.1
Project("{FAE04EC0-301F-11D3-BF4B-00C04F79EFBC}") = "Shapes_Polivanov", "Shapes_Polivanov\Shapes_Polivanov.csproj", "{A6DEDF09-0F0F-4616-8333-1888B5A56D22}"
EndProject
Project("{FAE04EC0-301F-11D3-BF4B-00C04F79EFBC}") = "ShapesLib", "ShapesLib\ShapesLib.csproj", "{7038E686-A547-4A6C-AC94-6B264E3A3C1C}"
EndProject
Global
	GlobalSection(SolutionConfigurationPlatforms) = preSolution
		Debug|Any CPU = Debug|Any CPU
		Release|Any CPU = Release|Any CPU
	EndGlobalSection
	GlobalSection(ProjectConfigurationPlatforms) = postSolution
		{A6DEDF09-0F0F-4616-8333-1888B5A56D22}.Debug|Any CPU.ActiveCfg = Debug|Any CPU
		{A6DEDF09-0F0F-4616-8333-1888B5A56D22}.Debug|Any CPU.Build.0 = Debug|Any CPU
		{A6DEDF09-0F0F-4616-8333-1888B5A56D22}.Release|Any CPU.ActiveCfg = Release|Any CPU
		{A6DEDF09-0F0F-4616-8333-1888B5A56D22}.Release|Any CPU.Build.0 = Release|Any CPU
		{7038E686-A547-4A6C-AC94-6B264E3A3C1C}.Debug|Any CPU.ActiveCfg = Debug|Any CPU
		{7038E686-A547-4A6C-AC94-6B264E3A3C1C}.Debug|Any CPU.Build.0 = Debug|Any CPU
		{7038E686-A547-4A6C-AC94-6B264E3A3C1C}.Release|Any CPU.ActiveCfg = Release|Any CPU
		{7038E686-A547-4A6C-AC94-6B264E3A3C1C}.Release|Any CPU.Build.0 = Release|Any CPU
	EndGlobalSection
	GlobalSection(SolutionProperties) = preSolution
		HideSolutionNode = FALSE
	EndGlobalSection
	GlobalSection(ExtensibilityGlobals) = postSolution
		SolutionGuid = {8C683FD7-D5A2-47C4-872F-8FE80695D423}
	EndGlobalSection
EndGlobal
